
Microsoft Visual Studio Solution File, Format Version 12.00
# Visual Studio Version 17
VisualStudioVersion = 17.7.34031.279
MinimumVisualStudioVersion = 10.0.40219.1
Project("{8BC9CEB8-8B4A-11D0-8D11-00A0C91BC942}") = "SE_lab17", "SE_lab17\SE_lab17.vcxproj", "{58483A76-3D5B-46F3-95F1-D88891CB6165}"
EndProject
Global
	GlobalSection(SolutionConfigurationPlatforms) = preSolution
		Debug|x64 = Debug|x64
		Debug|x86 = Debug|x86
		Release|x64 = Release|x64
		Release|x86 = Release|x86
	EndGlobalSection
	GlobalSection(ProjectConfigurationPlatforms) = postSolution
		{58483A76-3D5B-46F3-95F1-D88891CB6165}.Debug|x64.ActiveCfg = Debug|x64
		{58483A76-3D5B-46F3-95F1-D88891CB6165}.Debug|x64.Build.0 = Debug|x64
		{58483A76-3D5B-46F3-95F1-D88891CB6165}.Debug|x86.ActiveCfg = Debug|Win32
		{58483A76-3D5B-46F3-95F1-D88891CB6165}.Debug|x86.Build.0 = Debug|Win32
		{58483A76-3D5B-46F3-95F1-D88891CB6165}.Release|x64.ActiveCfg = Release|x64
		{58483A76-3D5B-46F3-95F1-D88891CB6165}.Release|x64.Build.0 = Release|x64
		{58483A76-3D5B-46F3-95F1-D88891CB6165}.Release|x86.ActiveCfg = Release|Win32
		{58483A76-3D5B-46F3-95F1-D88891CB6165}.Release|x86.Build.0 = Release|Win32
	EndGlobalSection
	GlobalSection(SolutionProperties) = preSolution
		HideSolutionNode = FALSE
	EndGlobalSection
	GlobalSection(ExtensibilityGlobals) = postSolution
		SolutionGuid = {783475C3-33C4-4EE9-B83A-2B36DD50ABB3}
	EndGlobalSection
EndGlobal
